<?xml version="1.0" encoding="utf-8"?>
<Project ToolsVersion="4.0" xmlns="http://schemas.microsoft.com/developer/msbuild/2003">
  <ItemGroup>
    <Filter Include="Framework">
      <UniqueIdentifier>{a7f2cd25-b8fb-49ee-9fe6-71d3e38cb0cc}</UniqueIdentifier>
    </Filter>
    <Filter Include="Utility">
      <UniqueIdentifier>{9b015018-b47e-4df5-97e2-3390c400d795}</UniqueIdentifier>
    </Filter>
    <Filter Include="Actors">
      <UniqueIdentifier>{833c91d0-4ac9-49f8-aa61-3b3fba3fd2ad}</UniqueIdentifier>
    </Filter>
    <Filter Include="Physics">
      <UniqueIdentifier>{93995380-89BD-4b04-88EB-625FBE52EBFB}</UniqueIdentifier>
      <Extensions>
      </Extensions>
    </Filter>
    <Filter Include="Maths">
      <UniqueIdentifier>{e2d6ecc0-0d6a-4e38-9fd8-e9e202d65a06}</UniqueIdentifier>
    </Filter>
  </ItemGroup>
  <ItemGroup>
    <ClCompile Include="..\..\Framework\Camera.cpp">
      <Filter>Framework</Filter>
    </ClCompile>
    <ClCompile Include="..\..\Framework\MyDemo.cpp">
      <Filter>Framework</Filter>
    </ClCompile>
    <ClCompile Include="..\..\Actors\ToyMine.cpp">
      <Filter>Actors</Filter>
    </ClCompile>
    <ClCompile Include="..\..\main.cpp">
      <Filter>Framework</Filter>
    </ClCompile>
    <ClCompile Include="..\..\Physics\PhysicsSystem.cpp">
      <Filter>Physics</Filter>
    </ClCompile>
    <ClCompile Include="..\..\Physics\PhysicsBox.cpp">
      <Filter>Physics</Filter>
    </ClCompile>
    <ClCompile Include="..\..\Physics\PhysicsObject.cpp">
      <Filter>Physics</Filter>
    </ClCompile>
    <ClCompile Include="..\..\Physics\PhysicsPlane.cpp">
      <Filter>Physics</Filter>
    </ClCompile>
    <ClCompile Include="..\..\Physics\PhysicsSphere.cpp">
      <Filter>Physics</Filter>
    </ClCompile>
    <ClCompile Include="..\..\Utility\Tyga.cpp">
      <Filter>Utility</Filter>
    </ClCompile>
    <ClCompile Include="..\..\Physics\CollisionDetection.cpp">
      <Filter>Physics</Filter>
    </ClCompile>
  </ItemGroup>
  <ItemGroup>
    <ClInclude Include="..\..\Framework\Badger.hpp">
      <Filter>Framework</Filter>
    </ClInclude>
    <ClInclude Include="..\..\Framework\Camera.hpp">
      <Filter>Framework</Filter>
    </ClInclude>
    <ClInclude Include="..\..\Framework\MyDemo.hpp">
      <Filter>Framework</Filter>
    </ClInclude>
    <ClInclude Include="..\..\Actors\ToyMine.hpp">
      <Filter>Actors</Filter>
    </ClInclude>
    <ClInclude Include="..\..\Maths\EulerIntegrator.hpp">
      <Filter>Maths</Filter>
    </ClInclude>
    <ClInclude Include="..\..\Maths\RK4Integrator.hpp">
      <Filter>Maths</Filter>
    </ClInclude>
    <ClInclude Include="..\..\Physics\PhysicsSystem.hpp">
      <Filter>Physics</Filter>
    </ClInclude>
    <ClInclude Include="..\..\Physics\PhysicsBox.hpp">
      <Filter>Physics</Filter>
    </ClInclude>
    <ClInclude Include="..\..\Physics\PhysicsObject.hpp">
      <Filter>Physics</Filter>
    </ClInclude>
    <ClInclude Include="..\..\Physics\PhysicsPlane.hpp">
      <Filter>Physics</Filter>
    </ClInclude>
    <ClInclude Include="..\..\Physics\PhysicsSphere.hpp">
      <Filter>Physics</Filter>
    </ClInclude>
    <ClInclude Include="..\..\Utility\Tyga.hpp">
      <Filter>Utility</Filter>
    </ClInclude>
    <ClInclude Include="..\..\Utility\Misc.hpp">
      <Filter>Utility</Filter>
    </ClInclude>
    <ClInclude Include="..\..\Physics\CollisionDetection.hpp">
      <Filter>Physics</Filter>
    </ClInclude>
  </ItemGroup>
</Project>